<?xml version="1.0" encoding="utf-8"?>
<Project ToolsVersion="4.0" xmlns="http://schemas.microsoft.com/developer/msbuild/2003">
  <ItemGroup>
    <Filter Include="ThirdParty">
      <UniqueIdentifier>{30accf82-4710-4dbc-976e-4dfa101ac5fd}</UniqueIdentifier>
    </Filter>
    <Filter Include="Engine">
      <UniqueIdentifier>{cd95ec4f-4208-4494-9134-6125085e3f7a}</UniqueIdentifier>
    </Filter>
    <Filter Include="Engine\Renderer">
      <UniqueIdentifier>{50bb38d6-4a0c-47c9-9e30-6657691082ed}</UniqueIdentifier>
    </Filter>
    <Filter Include="Engine\Time">
      <UniqueIdentifier>{4FC737F1-C7A5-4376-A066-2A32D752A2FF}</UniqueIdentifier>
      <Extensions>
      </Extensions>
    </Filter>
    <Filter Include="Engine\Tools">
      <UniqueIdentifier>{a33061bc-c828-465b-8006-d8f94ba2fe74}</UniqueIdentifier>
    </Filter>
    <Filter Include="Engine\Math">
      <UniqueIdentifier>{88f42091-ea17-47f9-ae2c-5eeb41ce54d0}</UniqueIdentifier>
    </Filter>
    <Filter Include="Engine\Input">
      <UniqueIdentifier>{05f603c8-10f6-4308-bea5-bba5a30ffbbe}</UniqueIdentifier>
    </Filter>
    <Filter Include="Engine\Core">
      <UniqueIdentifier>{ea8e1486-d975-471e-8707-b59712ce11ff}</UniqueIdentifier>
    </Filter>
    <Filter Include="Engine\Audio">
      <UniqueIdentifier>{cb8eb1c2-a712-474f-8fa7-b37bc559c347}</UniqueIdentifier>
    </Filter>
    <Filter Include="ThirdParty\Parsers">
      <UniqueIdentifier>{d5623794-b229-462f-bc0a-69a30da49b02}</UniqueIdentifier>
    </Filter>
    <Filter Include="Engine\TextRendering">
      <UniqueIdentifier>{d372a83a-ef56-4116-b49a-c12ad2e02ac7}</UniqueIdentifier>
    </Filter>
    <Filter Include="Engine\Core\Memory">
      <UniqueIdentifier>{6986eaf3-b631-4cd8-b645-2b7905c70be5}</UniqueIdentifier>
    </Filter>
    <Filter Include="Engine\Renderer\2D">
      <UniqueIdentifier>{fb739dc4-30fa-4980-a2e8-d2f57c725d2a}</UniqueIdentifier>
    </Filter>
    <Filter Include="Engine\DataStructures">
      <UniqueIdentifier>{689de337-5c11-4685-871e-ec0306f5c6d2}</UniqueIdentifier>
    </Filter>
    <Filter Include="Engine\Net">
      <UniqueIdentifier>{7856717c-efb5-45c6-a8c3-bed9d820fc1c}</UniqueIdentifier>
    </Filter>
    <Filter Include="Engine\Net\TCPIP">
      <UniqueIdentifier>{626df12e-581b-4668-83fd-24d3667f9e5d}</UniqueIdentifier>
    </Filter>
    <Filter Include="Engine\Net\UDPIP">
      <UniqueIdentifier>{6fa4adca-4524-48df-ab12-b91954a5fb86}</UniqueIdentifier>
    </Filter>
    <Filter Include="Engine\Input\InputDevices">
      <UniqueIdentifier>{81164c12-fe23-45e7-81a2-b570d47e7b93}</UniqueIdentifier>
    </Filter>
    <Filter Include="Engine\Fonts">
      <UniqueIdentifier>{4d7d959b-7966-4384-b7e0-8271b71c3ee8}</UniqueIdentifier>
    </Filter>
    <Filter Include="Engine\Core\Events">
      <UniqueIdentifier>{197919c6-2377-43dd-8412-df42b3a9003c}</UniqueIdentifier>
    </Filter>
    <Filter Include="Engine\UI">
      <UniqueIdentifier>{6abdef6a-85dd-4e99-a608-2bacf534fcb8}</UniqueIdentifier>
    </Filter>
    <Filter Include="Engine\UI\Widgets">
      <UniqueIdentifier>{ab0f991d-396b-4616-93f0-3901560232e2}</UniqueIdentifier>
    </Filter>
    <Filter Include="Engine\Renderer\3D">
      <UniqueIdentifier>{392ffcf2-3334-4177-880e-67d8951cc8ab}</UniqueIdentifier>
    </Filter>
  </ItemGroup>
  <ItemGroup>
    <ClCompile Include="Math\Vector2.cpp">
      <Filter>Engine\Math</Filter>
    </ClCompile>
    <ClCompile Include="Math\MathUtils.cpp">
      <Filter>Engine\Math</Filter>
    </ClCompile>
    <ClCompile Include="Time\Time.cpp">
      <Filter>Engine\Time</Filter>
    </ClCompile>
    <ClCompile Include="Input\XInputController.cpp">
      <Filter>Engine\Input</Filter>
    </ClCompile>
    <ClCompile Include="Math\Vector2Int.cpp">
      <Filter>Engine\Math</Filter>
    </ClCompile>
    <ClCompile Include="Renderer\AABB2.cpp">
      <Filter>Engine\Renderer</Filter>
    </ClCompile>
    <ClCompile Include="Renderer\RGBA.cpp">
      <Filter>Engine\Renderer</Filter>
    </ClCompile>
    <ClCompile Include="Core\ErrorWarningAssert.cpp">
      <Filter>Engine\Core</Filter>
    </ClCompile>
    <ClCompile Include="Core\StringUtils.cpp">
      <Filter>Engine\Core</Filter>
    </ClCompile>
    <ClCompile Include="Renderer\Texture.cpp">
      <Filter>Engine\Renderer</Filter>
    </ClCompile>
    <ClCompile Include="..\ThirdParty\stb_image.c">
      <Filter>ThirdParty</Filter>
    </ClCompile>
    <ClCompile Include="Renderer\SpriteSheet.cpp">
      <Filter>Engine\Renderer</Filter>
    </ClCompile>
    <ClCompile Include="Renderer\SpriteAnim.cpp">
      <Filter>Engine\Renderer</Filter>
    </ClCompile>
    <ClCompile Include="Audio\Audio.cpp">
      <Filter>Engine\Audio</Filter>
    </ClCompile>
    <ClCompile Include="Input\InputSystem.cpp">
      <Filter>Engine\Input</Filter>
    </ClCompile>
    <ClCompile Include="Math\Vector3.cpp">
      <Filter>Engine\Math</Filter>
    </ClCompile>
    <ClCompile Include="Math\EulerAngles.cpp">
      <Filter>Engine\Math</Filter>
    </ClCompile>
    <ClCompile Include="Math\Vector3Int.cpp">
      <Filter>Engine\Math</Filter>
    </ClCompile>
    <ClCompile Include="Renderer\AABB3.cpp">
      <Filter>Engine\Renderer</Filter>
    </ClCompile>
    <ClCompile Include="Renderer\Vertex.cpp">
      <Filter>Engine\Renderer</Filter>
    </ClCompile>
    <ClCompile Include="Math\Noise.cpp">
      <Filter>Engine\Math</Filter>
    </ClCompile>
    <ClCompile Include="Input\InputOutputUtils.cpp">
      <Filter>Engine\Input</Filter>
    </ClCompile>
    <ClCompile Include="Renderer\Face.cpp">
      <Filter>Engine\Renderer</Filter>
    </ClCompile>
    <ClCompile Include="Renderer\OpenGLExtensions.cpp">
      <Filter>Engine\Renderer</Filter>
    </ClCompile>
    <ClCompile Include="Core\ProfilingUtils.cpp">
      <Filter>Engine\Core</Filter>
    </ClCompile>
    <ClCompile Include="Renderer\DebugRenderer.cpp">
      <Filter>Engine\Renderer</Filter>
    </ClCompile>
    <ClCompile Include="Input\Console.cpp">
      <Filter>Engine\Input</Filter>
    </ClCompile>
    <ClCompile Include="Renderer\Renderer.cpp">
      <Filter>Engine\Renderer</Filter>
    </ClCompile>
    <ClCompile Include="Renderer\ShaderProgram.cpp">
      <Filter>Engine\Renderer</Filter>
    </ClCompile>
    <ClCompile Include="Math\Vector4.cpp">
      <Filter>Engine\Math</Filter>
    </ClCompile>
    <ClCompile Include="Math\Matrix4x4.cpp">
      <Filter>Engine\Math</Filter>
    </ClCompile>
    <ClCompile Include="Renderer\Mesh.cpp">
      <Filter>Engine\Renderer</Filter>
    </ClCompile>
    <ClCompile Include="Renderer\Material.cpp">
      <Filter>Engine\Renderer</Filter>
    </ClCompile>
    <ClCompile Include="Renderer\MeshRenderer.cpp">
      <Filter>Engine\Renderer</Filter>
    </ClCompile>
    <ClCompile Include="Math\MathUtilities.cpp">
      <Filter>Engine\Math</Filter>
    </ClCompile>
    <ClCompile Include="Renderer\Light.cpp">
      <Filter>Engine\Renderer</Filter>
    </ClCompile>
    <ClCompile Include="Renderer\Framebuffer.cpp">
      <Filter>Engine\Renderer</Filter>
    </ClCompile>
    <ClCompile Include="Tools\fbx.cpp">
      <Filter>Engine\Tools</Filter>
    </ClCompile>
    <ClCompile Include="Renderer\MeshBuilder.cpp">
      <Filter>Engine\Renderer</Filter>
    </ClCompile>
    <ClCompile Include="Math\MatrixStack4x4.cpp">
      <Filter>Engine\Math</Filter>
    </ClCompile>
    <ClCompile Include="..\ThirdParty\Parsers\XMLParser.cpp">
      <Filter>ThirdParty\Parsers</Filter>
    </ClCompile>
    <ClCompile Include="Input\XMLUtils.cpp">
      <Filter>Engine\Input</Filter>
    </ClCompile>
    <ClCompile Include="Input\BinaryReader.cpp">
      <Filter>Engine\Input</Filter>
    </ClCompile>
    <ClCompile Include="Input\BinaryWriter.cpp">
      <Filter>Engine\Input</Filter>
    </ClCompile>
    <ClCompile Include="Renderer\Skeleton.cpp">
      <Filter>Engine\Renderer</Filter>
    </ClCompile>
    <ClCompile Include="TextRendering\TextEffect.cpp">
      <Filter>Engine\TextRendering</Filter>
    </ClCompile>
    <ClCompile Include="TextRendering\StringEffectFragment.cpp">
      <Filter>Engine\TextRendering</Filter>
    </ClCompile>
    <ClCompile Include="TextRendering\TextBox.cpp">
      <Filter>Engine\TextRendering</Filter>
    </ClCompile>
    <ClCompile Include="Math\Vector4Int.cpp">
      <Filter>Engine\Math</Filter>
    </ClCompile>
    <ClCompile Include="Math\Dice.cpp">
      <Filter>Engine\Math</Filter>
    </ClCompile>
    <ClCompile Include="Core\Memory\MemoryTracking.cpp">
      <Filter>Engine\Core\Memory</Filter>
    </ClCompile>
    <ClCompile Include="Core\Memory\Callstack.cpp">
      <Filter>Engine\Core\Memory</Filter>
    </ClCompile>
    <ClCompile Include="Core\Memory\MemoryOutputWindow.cpp">
      <Filter>Engine\Core\Memory</Filter>
    </ClCompile>
    <ClCompile Include="Input\Logging.cpp">
      <Filter>Engine\Input</Filter>
    </ClCompile>
    <ClCompile Include="Renderer\AnimationMotion.cpp">
      <Filter>Engine\Renderer</Filter>
    </ClCompile>
    <ClCompile Include="Renderer\2D\SpriteGameRenderer.cpp">
      <Filter>Engine\Renderer\2D</Filter>
    </ClCompile>
    <ClCompile Include="Renderer\2D\Sprite.cpp">
      <Filter>Engine\Renderer\2D</Filter>
    </ClCompile>
    <ClCompile Include="Renderer\FullScreenEffect.cpp">
      <Filter>Engine\Renderer</Filter>
    </ClCompile>
    <ClCompile Include="Renderer\2D\ResourceDatabase.cpp">
      <Filter>Engine\Renderer\2D</Filter>
    </ClCompile>
    <ClCompile Include="Renderer\2D\ParticleSystem.cpp">
      <Filter>Engine\Renderer\2D</Filter>
    </ClCompile>
    <ClCompile Include="Renderer\2D\ParticleSystemDefinition.cpp">
      <Filter>Engine\Renderer\2D</Filter>
    </ClCompile>
    <ClCompile Include="Core\JobSystem.cpp">
      <Filter>Engine\Core</Filter>
    </ClCompile>
    <ClCompile Include="Net\NetSystem.cpp">
      <Filter>Engine\Net</Filter>
    </ClCompile>
    <ClCompile Include="Net\TCPIP\TCPConnection.cpp">
      <Filter>Engine\Net\TCPIP</Filter>
    </ClCompile>
    <ClCompile Include="Net\TCPIP\TCPListener.cpp">
      <Filter>Engine\Net\TCPIP</Filter>
    </ClCompile>
    <ClCompile Include="Net\RemoteCommandService.cpp">
      <Filter>Engine\Net</Filter>
    </ClCompile>
    <ClCompile Include="Net\UDPIP\NetSession.cpp">
      <Filter>Engine\Net\UDPIP</Filter>
    </ClCompile>
    <ClCompile Include="Net\UDPIP\NetMessage.cpp">
      <Filter>Engine\Net\UDPIP</Filter>
    </ClCompile>
    <ClCompile Include="Net\UDPIP\NetPacket.cpp">
      <Filter>Engine\Net\UDPIP</Filter>
    </ClCompile>
    <ClCompile Include="Net\UDPIP\UDPSocket.cpp">
      <Filter>Engine\Net\UDPIP</Filter>
    </ClCompile>
    <ClCompile Include="DataStructures\BytePacker.cpp">
      <Filter>Engine\DataStructures</Filter>
    </ClCompile>
    <ClCompile Include="Net\UDPIP\PacketChannel.cpp">
      <Filter>Engine\Net\UDPIP</Filter>
    </ClCompile>
    <ClCompile Include="Net\UDPIP\NetConnection.cpp">
      <Filter>Engine\Net\UDPIP</Filter>
    </ClCompile>
    <ClCompile Include="Input\InputMap.cpp">
      <Filter>Engine\Input</Filter>
    </ClCompile>
    <ClCompile Include="Input\InputValues.cpp">
      <Filter>Engine\Input</Filter>
    </ClCompile>
    <ClCompile Include="Math\Transform2D.cpp">
      <Filter>Engine\Math</Filter>
    </ClCompile>
    <ClCompile Include="Input\InputDevices\KeyboardInputDevice.cpp">
      <Filter>Engine\Input\InputDevices</Filter>
    </ClCompile>
    <ClCompile Include="Input\InputDevices\MouseInputDevice.cpp">
      <Filter>Engine\Input\InputDevices</Filter>
    </ClCompile>
    <ClCompile Include="Input\InputDevices\XInputDevice.cpp">
      <Filter>Engine\Input\InputDevices</Filter>
    </ClCompile>
    <ClCompile Include="Fonts\BitmapFont.cpp">
      <Filter>Engine\Fonts</Filter>
    </ClCompile>
    <ClCompile Include="Fonts\FontGenerator.cpp">
      <Filter>Engine\Fonts</Filter>
    </ClCompile>
    <ClCompile Include="Renderer\2D\Renderable2D.cpp">
      <Filter>Engine\Renderer\2D</Filter>
    </ClCompile>
    <ClCompile Include="Renderer\BufferedMeshRenderer.cpp">
      <Filter>Engine\Renderer</Filter>
    </ClCompile>
    <ClCompile Include="Core\Events\NamedProperties.cpp">
      <Filter>Engine\Core\Events</Filter>
    </ClCompile>
    <ClCompile Include="Core\Events\EventSystem.cpp">
      <Filter>Engine\Core\Events</Filter>
    </ClCompile>
    <ClCompile Include="UI\UISystem.cpp">
      <Filter>Engine\UI</Filter>
    </ClCompile>
    <ClCompile Include="UI\WidgetBase.cpp">
      <Filter>Engine\UI</Filter>
    </ClCompile>
    <ClCompile Include="UI\Widgets\ButtonWidget.cpp">
      <Filter>Engine\UI\Widgets</Filter>
    </ClCompile>
    <ClCompile Include="UI\Widgets\LabelWidget.cpp">
      <Filter>Engine\UI\Widgets</Filter>
    </ClCompile>
    <ClCompile Include="UI\Widgets\WindowWidget.cpp">
      <Filter>Engine\UI\Widgets</Filter>
    </ClCompile>
    <ClCompile Include="UI\Widgets\CheckboxWidget.cpp">
      <Filter>Engine\UI\Widgets</Filter>
    </ClCompile>
    <ClCompile Include="Renderer\2D\TextRenderable2D.cpp">
      <Filter>Engine\Renderer\2D</Filter>
    </ClCompile>
    <ClCompile Include="Renderer\2D\BarGraphRenderable2D.cpp">
      <Filter>Engine\Renderer\2D</Filter>
    </ClCompile>
    <ClCompile Include="Core\RunInSeconds.cpp">
      <Filter>Engine\Core</Filter>
    </ClCompile>
    <ClCompile Include="Math\Transform3D.cpp">
      <Filter>Engine\Math</Filter>
    </ClCompile>
    <ClCompile Include="Renderer\3D\ForwardRenderer.cpp">
      <Filter>Engine\Renderer\3D</Filter>
    </ClCompile>
    <ClCompile Include="Renderer\3D\Renderable3D.cpp">
      <Filter>Engine\Renderer\3D</Filter>
    </ClCompile>
    <ClCompile Include="Renderer\3D\Scene3D.cpp">
      <Filter>Engine\Renderer\3D</Filter>
    </ClCompile>
    <ClCompile Include="Renderer\3D\Camera3D.cpp">
      <Filter>Engine\Renderer\3D</Filter>
    </ClCompile>
    <ClCompile Include="Renderer\UniformBuffer.cpp" />
  </ItemGroup>
  <ItemGroup>
    <ClInclude Include="Math\Vector2.hpp">
      <Filter>Engine\Math</Filter>
    </ClInclude>
    <ClInclude Include="Math\MathUtils.hpp">
      <Filter>Engine\Math</Filter>
    </ClInclude>
    <ClInclude Include="Time\Time.hpp">
      <Filter>Engine\Time</Filter>
    </ClInclude>
    <ClInclude Include="Input\XInputController.hpp">
      <Filter>Engine\Input</Filter>
    </ClInclude>
    <ClInclude Include="Math\Vector2Int.hpp">
      <Filter>Engine\Math</Filter>
    </ClInclude>
    <ClInclude Include="Renderer\AABB2.hpp">
      <Filter>Engine\Renderer</Filter>
    </ClInclude>
    <ClInclude Include="Renderer\RGBA.hpp">
      <Filter>Engine\Renderer</Filter>
    </ClInclude>
    <ClInclude Include="Core\ErrorWarningAssert.hpp">
      <Filter>Engine\Core</Filter>
    </ClInclude>
    <ClInclude Include="Core\StringUtils.hpp">
      <Filter>Engine\Core</Filter>
    </ClInclude>
    <ClInclude Include="Renderer\Texture.hpp">
      <Filter>Engine\Renderer</Filter>
    </ClInclude>
    <ClInclude Include="Renderer\SpriteSheet.hpp">
      <Filter>Engine\Renderer</Filter>
    </ClInclude>
    <ClInclude Include="Renderer\SpriteAnim.hpp">
      <Filter>Engine\Renderer</Filter>
    </ClInclude>
    <ClInclude Include="Audio\Audio.hpp">
      <Filter>Engine\Audio</Filter>
    </ClInclude>
    <ClInclude Include="Input\InputSystem.hpp">
      <Filter>Engine\Input</Filter>
    </ClInclude>
    <ClInclude Include="Math\Vector3.hpp">
      <Filter>Engine\Math</Filter>
    </ClInclude>
    <ClInclude Include="Math\EulerAngles.hpp">
      <Filter>Engine\Math</Filter>
    </ClInclude>
    <ClInclude Include="Math\Vector3Int.hpp">
      <Filter>Engine\Math</Filter>
    </ClInclude>
    <ClInclude Include="Renderer\AABB3.hpp">
      <Filter>Engine\Renderer</Filter>
    </ClInclude>
    <ClInclude Include="Renderer\Vertex.hpp">
      <Filter>Engine\Renderer</Filter>
    </ClInclude>
    <ClInclude Include="Math\Noise.hpp">
      <Filter>Engine\Math</Filter>
    </ClInclude>
    <ClInclude Include="Input\InputOutputUtils.hpp">
      <Filter>Engine\Input</Filter>
    </ClInclude>
    <ClInclude Include="Renderer\Face.hpp">
      <Filter>Engine\Renderer</Filter>
    </ClInclude>
    <ClInclude Include="..\ThirdParty\OpenGL\glext.h">
      <Filter>Engine\Renderer</Filter>
    </ClInclude>
    <ClInclude Include="..\ThirdParty\OpenGL\wglext.h">
      <Filter>Engine\Renderer</Filter>
    </ClInclude>
    <ClInclude Include="Renderer\OpenGLExtensions.hpp">
      <Filter>Engine\Renderer</Filter>
    </ClInclude>
    <ClInclude Include="Core\ProfilingUtils.h">
      <Filter>Engine\Core</Filter>
    </ClInclude>
    <ClInclude Include="Renderer\DebugRenderer.hpp">
      <Filter>Engine\Renderer</Filter>
    </ClInclude>
    <ClInclude Include="Input\Console.hpp">
      <Filter>Engine\Input</Filter>
    </ClInclude>
    <ClInclude Include="Renderer\Renderer.hpp">
      <Filter>Engine\Renderer</Filter>
    </ClInclude>
    <ClInclude Include="Renderer\ShaderProgram.hpp">
      <Filter>Engine\Renderer</Filter>
    </ClInclude>
    <ClInclude Include="Math\Vector4.hpp">
      <Filter>Engine\Math</Filter>
    </ClInclude>
    <ClInclude Include="Math\Matrix4x4.hpp">
      <Filter>Engine\Math</Filter>
    </ClInclude>
    <ClInclude Include="Renderer\Mesh.hpp">
      <Filter>Engine\Renderer</Filter>
    </ClInclude>
    <ClInclude Include="Renderer\Material.hpp">
      <Filter>Engine\Renderer</Filter>
    </ClInclude>
    <ClInclude Include="Renderer\MeshRenderer.hpp">
      <Filter>Engine\Renderer</Filter>
    </ClInclude>
    <ClInclude Include="Math\MathUtilities.hpp">
      <Filter>Engine\Math</Filter>
    </ClInclude>
    <ClInclude Include="Renderer\Light.hpp">
      <Filter>Engine\Renderer</Filter>
    </ClInclude>
    <ClInclude Include="Renderer\Framebuffer.hpp">
      <Filter>Engine\Renderer</Filter>
    </ClInclude>
    <ClInclude Include="Tools\fbx.hpp">
      <Filter>Engine\Tools</Filter>
    </ClInclude>
    <ClInclude Include="Renderer\MeshBuilder.hpp">
      <Filter>Engine\Renderer</Filter>
    </ClInclude>
    <ClInclude Include="Math\MatrixStack4x4.hpp">
      <Filter>Engine\Math</Filter>
    </ClInclude>
    <ClInclude Include="..\ThirdParty\Parsers\XMLParser.hpp">
      <Filter>ThirdParty\Parsers</Filter>
    </ClInclude>
    <ClInclude Include="Input\XMLUtils.hpp">
      <Filter>Engine\Input</Filter>
    </ClInclude>
    <ClInclude Include="Input\BinaryWriter.hpp">
      <Filter>Engine\Input</Filter>
    </ClInclude>
    <ClInclude Include="Input\BinaryReader.hpp">
      <Filter>Engine\Input</Filter>
    </ClInclude>
    <ClInclude Include="Renderer\Skeleton.hpp">
      <Filter>Engine\Renderer</Filter>
    </ClInclude>
    <ClInclude Include="TextRendering\TextEffect.hpp">
      <Filter>Engine\TextRendering</Filter>
    </ClInclude>
    <ClInclude Include="TextRendering\StringEffectFragment.hpp">
      <Filter>Engine\TextRendering</Filter>
    </ClInclude>
    <ClInclude Include="TextRendering\TextBox.hpp">
      <Filter>Engine\TextRendering</Filter>
    </ClInclude>
    <ClInclude Include="Math\Vector4Int.hpp">
      <Filter>Engine\Math</Filter>
    </ClInclude>
    <ClInclude Include="Math\Dice.hpp">
      <Filter>Engine\Math</Filter>
    </ClInclude>
    <ClInclude Include="Core\BuildConfig.hpp">
      <Filter>Engine\Core</Filter>
    </ClInclude>
    <ClInclude Include="Core\Memory\MemoryTracking.hpp">
      <Filter>Engine\Core\Memory</Filter>
    </ClInclude>
    <ClInclude Include="Core\Memory\Callstack.hpp">
      <Filter>Engine\Core\Memory</Filter>
    </ClInclude>
    <ClInclude Include="Core\Memory\UntrackedAllocator.hpp">
      <Filter>Engine\Core\Memory</Filter>
    </ClInclude>
    <ClInclude Include="Core\Memory\MemoryOutputWindow.hpp">
      <Filter>Engine\Core\Memory</Filter>
    </ClInclude>
    <ClInclude Include="Input\Logging.hpp">
      <Filter>Engine\Input</Filter>
    </ClInclude>
    <ClInclude Include="Renderer\AnimationMotion.hpp">
      <Filter>Engine\Renderer</Filter>
    </ClInclude>
    <ClInclude Include="Renderer\2D\SpriteGameRenderer.hpp">
      <Filter>Engine\Renderer\2D</Filter>
    </ClInclude>
    <ClInclude Include="Renderer\2D\Sprite.hpp">
      <Filter>Engine\Renderer\2D</Filter>
    </ClInclude>
    <ClInclude Include="DataStructures\InPlaceLinkedList.hpp">
      <Filter>Engine\DataStructures</Filter>
    </ClInclude>
    <ClInclude Include="Renderer\FullScreenEffect.hpp">
      <Filter>Engine\Renderer</Filter>
    </ClInclude>
    <ClInclude Include="Renderer\2D\ResourceDatabase.hpp">
      <Filter>Engine\Renderer\2D</Filter>
    </ClInclude>
    <ClInclude Include="Renderer\2D\ParticleSystem.hpp">
      <Filter>Engine\Renderer\2D</Filter>
    </ClInclude>
    <ClInclude Include="Renderer\2D\ParticleSystemDefinition.hpp">
      <Filter>Engine\Renderer\2D</Filter>
    </ClInclude>
    <ClInclude Include="DataStructures\RingBuffer.hpp">
      <Filter>Engine\DataStructures</Filter>
    </ClInclude>
    <ClInclude Include="DataStructures\ObjectPool.hpp">
      <Filter>Engine\DataStructures</Filter>
    </ClInclude>
    <ClInclude Include="Core\JobSystem.hpp">
      <Filter>Engine\Core</Filter>
    </ClInclude>
    <ClInclude Include="DataStructures\ThreadSafeQueue.hpp">
      <Filter>Engine\DataStructures</Filter>
    </ClInclude>
    <ClInclude Include="Net\NetSystem.hpp">
      <Filter>Engine\Net</Filter>
    </ClInclude>
    <ClInclude Include="Net\TCPIP\TCPConnection.hpp">
      <Filter>Engine\Net\TCPIP</Filter>
    </ClInclude>
    <ClInclude Include="Net\TCPIP\TCPListener.hpp">
      <Filter>Engine\Net\TCPIP</Filter>
    </ClInclude>
    <ClInclude Include="Net\RemoteCommandService.hpp">
      <Filter>Engine\Net</Filter>
    </ClInclude>
    <ClInclude Include="Net\UDPIP\NetSession.hpp">
      <Filter>Engine\Net\UDPIP</Filter>
    </ClInclude>
    <ClInclude Include="Net\UDPIP\NetMessage.hpp">
      <Filter>Engine\Net\UDPIP</Filter>
    </ClInclude>
    <ClInclude Include="Net\UDPIP\NetPacket.hpp">
      <Filter>Engine\Net\UDPIP</Filter>
    </ClInclude>
    <ClInclude Include="Net\UDPIP\UDPSocket.hpp">
      <Filter>Engine\Net\UDPIP</Filter>
    </ClInclude>
    <ClInclude Include="DataStructures\BytePacker.hpp">
      <Filter>Engine\DataStructures</Filter>
    </ClInclude>
    <ClInclude Include="Core\Memory\MemoryUtils.hpp">
      <Filter>Engine\Core\Memory</Filter>
    </ClInclude>
    <ClInclude Include="Net\UDPIP\PacketChannel.hpp">
      <Filter>Engine\Net\UDPIP</Filter>
    </ClInclude>
    <ClInclude Include="DataStructures\ThreadSafePriorityQueue.hpp">
      <Filter>Engine\DataStructures</Filter>
    </ClInclude>
    <ClInclude Include="Net\UDPIP\NetConnection.hpp">
      <Filter>Engine\Net\UDPIP</Filter>
    </ClInclude>
    <ClInclude Include="Input\InputMap.hpp">
      <Filter>Engine\Input</Filter>
    </ClInclude>
    <ClInclude Include="Input\InputValues.hpp">
      <Filter>Engine\Input</Filter>
    </ClInclude>
    <ClInclude Include="Math\Transform2D.hpp">
      <Filter>Engine\Math</Filter>
    </ClInclude>
    <ClInclude Include="Input\InputDevices\KeyboardInputDevice.hpp">
      <Filter>Engine\Input\InputDevices</Filter>
    </ClInclude>
    <ClInclude Include="Input\InputDevices\MouseInputDevice.hpp">
      <Filter>Engine\Input\InputDevices</Filter>
    </ClInclude>
    <ClInclude Include="Input\InputDevices\InputDevice.hpp">
      <Filter>Engine\Input\InputDevices</Filter>
    </ClInclude>
    <ClInclude Include="Input\InputDevices\XInputDevice.hpp">
      <Filter>Engine\Input\InputDevices</Filter>
    </ClInclude>
    <ClInclude Include="Fonts\BitmapFont.hpp">
      <Filter>Engine\Fonts</Filter>
    </ClInclude>
    <ClInclude Include="Fonts\FontGenerator.hpp">
      <Filter>Engine\Fonts</Filter>
    </ClInclude>
    <ClInclude Include="Renderer\2D\Renderable2D.hpp">
      <Filter>Engine\Renderer\2D</Filter>
    </ClInclude>
    <ClInclude Include="Renderer\BufferedMeshRenderer.hpp">
      <Filter>Engine\Renderer</Filter>
    </ClInclude>
    <ClInclude Include="Core\Events\NamedProperties.hpp">
      <Filter>Engine\Core\Events</Filter>
    </ClInclude>
    <ClInclude Include="Core\Events\EventSystem.hpp">
      <Filter>Engine\Core\Events</Filter>
    </ClInclude>
    <ClInclude Include="Core\Events\Event.hpp">
      <Filter>Engine\Core\Events</Filter>
    </ClInclude>
    <ClInclude Include="UI\UISystem.hpp">
      <Filter>Engine\UI</Filter>
    </ClInclude>
    <ClInclude Include="UI\WidgetBase.hpp">
      <Filter>Engine\UI</Filter>
    </ClInclude>
    <ClInclude Include="UI\Widgets\ButtonWidget.hpp">
      <Filter>Engine\UI\Widgets</Filter>
    </ClInclude>
    <ClInclude Include="UI\Widgets\LabelWidget.hpp">
      <Filter>Engine\UI\Widgets</Filter>
    </ClInclude>
    <ClInclude Include="UI\Widgets\WindowWidget.hpp">
      <Filter>Engine\UI\Widgets</Filter>
    </ClInclude>
    <ClInclude Include="UI\Widgets\CheckboxWidget.hpp">
      <Filter>Engine\UI\Widgets</Filter>
    </ClInclude>
    <ClInclude Include="Core\Keyframes.hpp">
      <Filter>Engine\Core</Filter>
    </ClInclude>
    <ClInclude Include="Renderer\2D\TextRenderable2D.hpp">
      <Filter>Engine\Renderer\2D</Filter>
    </ClInclude>
    <ClInclude Include="Renderer\2D\BarGraphRenderable2D.hpp">
      <Filter>Engine\Renderer\2D</Filter>
    </ClInclude>
    <ClInclude Include="Core\RunInSeconds.hpp">
      <Filter>Engine\Core</Filter>
    </ClInclude>
    <ClInclude Include="Math\Transform3D.hpp">
      <Filter>Engine\Math</Filter>
    </ClInclude>
    <ClInclude Include="Renderer\3D\ForwardRenderer.hpp">
      <Filter>Engine\Renderer\3D</Filter>
    </ClInclude>
    <ClInclude Include="Renderer\3D\Renderable3D.hpp">
      <Filter>Engine\Renderer\3D</Filter>
    </ClInclude>
    <ClInclude Include="Renderer\3D\Scene3D.hpp">
      <Filter>Engine\Renderer\3D</Filter>
    </ClInclude>
    <ClInclude Include="Renderer\3D\Camera3D.hpp">
      <Filter>Engine\Renderer\3D</Filter>
    </ClInclude>
    <ClInclude Include="Renderer\UniformBuffer.hpp" />
  </ItemGroup>
</Project>